// !$*UTF8*$!
{
	archiveVersion = 1;
	classes = {
	};
	objectVersion = 46;
	objects = {

/* Begin PBXBuildFile section */
		9568614D25E7B821004D31CA /* main.swift in Sources */ = {isa = PBXBuildFile; fileRef = 9568614C25E7B821004D31CA /* main.swift */; };
		9568615925E7EADC004D31CA /* AppDelegate.swift in Sources */ = {isa = PBXBuildFile; fileRef = 9568615825E7EADC004D31CA /* AppDelegate.swift */; };
		9568616325E80682004D31CA /* PDF.swift in Sources */ = {isa = PBXBuildFile; fileRef = 9568615E25E80682004D31CA /* PDF.swift */; };
		9568616425E80682004D31CA /* Text.swift in Sources */ = {isa = PBXBuildFile; fileRef = 9568615F25E80682004D31CA /* Text.swift */; };
		9568616525E80682004D31CA /* FileSystem.swift in Sources */ = {isa = PBXBuildFile; fileRef = 9568616025E80682004D31CA /* FileSystem.swift */; };
		9568616625E80682004D31CA /* Image.swift in Sources */ = {isa = PBXBuildFile; fileRef = 9568616125E80682004D31CA /* Image.swift */; };
		9568616725E80682004D31CA /* StandardLibrary.swift in Sources */ = {isa = PBXBuildFile; fileRef = 9568616225E80682004D31CA /* StandardLibrary.swift */; };
		9568616B25E80EB7004D31CA /* Types.swift in Sources */ = {isa = PBXBuildFile; fileRef = 9568616A25E80EB7004D31CA /* Types.swift */; };
		9568616F25E80F03004D31CA /* Library.swift in Sources */ = {isa = PBXBuildFile; fileRef = 9568616E25E80F03004D31CA /* Library.swift */; };
		9568617325E80FB4004D31CA /* Configuration.swift in Sources */ = {isa = PBXBuildFile; fileRef = 9568617225E80FB4004D31CA /* Configuration.swift */; };
		9574747F25E6E6B900917EF0 /* Importation.swift in Sources */ = {isa = PBXBuildFile; fileRef = 9574747E25E6E6B900917EF0 /* Importation.swift */; };
		B0E9B63925EFDF6F0054C504 /* PDFTests.swift in Sources */ = {isa = PBXBuildFile; fileRef = B0E9B63825EFDF6F0054C504 /* PDFTests.swift */; };
		F9A7C1394834D75DFE4FB520 /* Preview Assets.xcassets in Resources */ = {isa = PBXBuildFile; fileRef = F9A7CA9D419C2ECDBE045390 /* Preview Assets.xcassets */; };
		F9A7C35E0461C21638072806 /* PicToShareUITests.swift in Sources */ = {isa = PBXBuildFile; fileRef = F9A7C97B08CE9661BFCE30CE /* PicToShareUITests.swift */; };
		F9A7C4E9CF7551D5FE45D70E /* Utils.swift in Sources */ = {isa = PBXBuildFile; fileRef = F9A7C9DDE0631E7485095086 /* Utils.swift */; };
		F9A7C972A6D38DB73DBC2167 /* Assets.xcassets in Resources */ = {isa = PBXBuildFile; fileRef = F9A7C896C9B4150F73FF2572 /* Assets.xcassets */; };
		F9A7CEF947D2E12EC47CAF47 /* CoreTests.swift in Sources */ = {isa = PBXBuildFile; fileRef = F9A7CDC85B623930B9EB52F7 /* CoreTests.swift */; };
/* End PBXBuildFile section */

/* Begin PBXContainerItemProxy section */
		F9A7CAAF92CE5581A153168C /* PBXContainerItemProxy */ = {
			isa = PBXContainerItemProxy;
			containerPortal = F9A7C77B0CB8E0E09346DD0D /* Project object */;
			proxyType = 1;
			remoteGlobalIDString = F9A7C8B0AC0AB5B07D21169B;
			remoteInfo = PicToShare;
		};
		F9A7CD7EE34B605298FD8792 /* PBXContainerItemProxy */ = {
			isa = PBXContainerItemProxy;
			containerPortal = F9A7C77B0CB8E0E09346DD0D /* Project object */;
			proxyType = 1;
			remoteGlobalIDString = F9A7C8B0AC0AB5B07D21169B;
			remoteInfo = PicToShare;
		};
/* End PBXContainerItemProxy section */

/* Begin PBXCopyFilesBuildPhase section */
		95B41D0725D4130200E5D275 /* Embed Frameworks */ = {
			isa = PBXCopyFilesBuildPhase;
			buildActionMask = 2147483647;
			dstPath = "";
			dstSubfolderSpec = 10;
			files = (
			);
			name = "Embed Frameworks";
			runOnlyForDeploymentPostprocessing = 0;
		};
/* End PBXCopyFilesBuildPhase section */

/* Begin PBXFileReference section */
		9568614C25E7B821004D31CA /* main.swift */ = {isa = PBXFileReference; lastKnownFileType = sourcecode.swift; path = main.swift; sourceTree = "<group>"; };
		9568615825E7EADC004D31CA /* AppDelegate.swift */ = {isa = PBXFileReference; lastKnownFileType = sourcecode.swift; path = AppDelegate.swift; sourceTree = "<group>"; };
		9568615E25E80682004D31CA /* PDF.swift */ = {isa = PBXFileReference; fileEncoding = 4; lastKnownFileType = sourcecode.swift; path = PDF.swift; sourceTree = "<group>"; };
		9568615F25E80682004D31CA /* Text.swift */ = {isa = PBXFileReference; fileEncoding = 4; lastKnownFileType = sourcecode.swift; path = Text.swift; sourceTree = "<group>"; };
		9568616025E80682004D31CA /* FileSystem.swift */ = {isa = PBXFileReference; fileEncoding = 4; lastKnownFileType = sourcecode.swift; path = FileSystem.swift; sourceTree = "<group>"; };
		9568616125E80682004D31CA /* Image.swift */ = {isa = PBXFileReference; fileEncoding = 4; lastKnownFileType = sourcecode.swift; path = Image.swift; sourceTree = "<group>"; };
		9568616225E80682004D31CA /* StandardLibrary.swift */ = {isa = PBXFileReference; fileEncoding = 4; lastKnownFileType = sourcecode.swift; path = StandardLibrary.swift; sourceTree = "<group>"; };
		9568616A25E80EB7004D31CA /* Types.swift */ = {isa = PBXFileReference; lastKnownFileType = sourcecode.swift; path = Types.swift; sourceTree = "<group>"; };
		9568616E25E80F03004D31CA /* Library.swift */ = {isa = PBXFileReference; lastKnownFileType = sourcecode.swift; path = Library.swift; sourceTree = "<group>"; };
		9568617225E80FB4004D31CA /* Configuration.swift */ = {isa = PBXFileReference; lastKnownFileType = sourcecode.swift; path = Configuration.swift; sourceTree = "<group>"; };
		9574747E25E6E6B900917EF0 /* Importation.swift */ = {isa = PBXFileReference; lastKnownFileType = sourcecode.swift; path = Importation.swift; sourceTree = "<group>"; };
		B0E9B63825EFDF6F0054C504 /* PDFTests.swift */ = {isa = PBXFileReference; lastKnownFileType = sourcecode.swift; path = PDFTests.swift; sourceTree = "<group>"; };
		F9A7C0DA563670B4B2CAC7DF /* PicToShareTests.xctest */ = {isa = PBXFileReference; explicitFileType = wrapper.cfbundle; includeInIndex = 0; path = PicToShareTests.xctest; sourceTree = BUILT_PRODUCTS_DIR; };
		F9A7C15F6BD7440D60F6F856 /* PicToShare.app */ = {isa = PBXFileReference; explicitFileType = wrapper.application; includeInIndex = 0; path = PicToShare.app; sourceTree = BUILT_PRODUCTS_DIR; };
		F9A7C43B01C57696130DA3EE /* Info.plist */ = {isa = PBXFileReference; lastKnownFileType = text.plist.info; path = Info.plist; sourceTree = "<group>"; };
		F9A7C6A933547B1F6B8E5D36 /* Info.plist */ = {isa = PBXFileReference; lastKnownFileType = text.plist.info; path = Info.plist; sourceTree = "<group>"; };
		F9A7C7BF6A4D4AA3545A23EC /* PicToShare.entitlements */ = {isa = PBXFileReference; lastKnownFileType = text.plist.entitlements; path = PicToShare.entitlements; sourceTree = "<group>"; };
		F9A7C896C9B4150F73FF2572 /* Assets.xcassets */ = {isa = PBXFileReference; lastKnownFileType = folder.assetcatalog; path = Assets.xcassets; sourceTree = "<group>"; };
		F9A7C97B08CE9661BFCE30CE /* PicToShareUITests.swift */ = {isa = PBXFileReference; lastKnownFileType = sourcecode.swift; path = PicToShareUITests.swift; sourceTree = "<group>"; };
		F9A7C9DDE0631E7485095086 /* Utils.swift */ = {isa = PBXFileReference; fileEncoding = 4; lastKnownFileType = sourcecode.swift; path = Utils.swift; sourceTree = "<group>"; };
		F9A7CA9D419C2ECDBE045390 /* Preview Assets.xcassets */ = {isa = PBXFileReference; lastKnownFileType = folder.assetcatalog; path = "Preview Assets.xcassets"; sourceTree = "<group>"; };
		F9A7CB18DD8D6263C3BE98F9 /* PicToShareUITests.xctest */ = {isa = PBXFileReference; explicitFileType = wrapper.cfbundle; includeInIndex = 0; path = PicToShareUITests.xctest; sourceTree = BUILT_PRODUCTS_DIR; };
		F9A7CD6E555B357A08FDF95F /* Info.plist */ = {isa = PBXFileReference; lastKnownFileType = text.plist.info; path = Info.plist; sourceTree = "<group>"; };
		F9A7CDC85B623930B9EB52F7 /* CoreTests.swift */ = {isa = PBXFileReference; lastKnownFileType = sourcecode.swift; path = CoreTests.swift; sourceTree = "<group>"; };
/* End PBXFileReference section */

/* Begin PBXFrameworksBuildPhase section */
		F9A7C44879A6EF29143E9721 /* Frameworks */ = {
			isa = PBXFrameworksBuildPhase;
			buildActionMask = 2147483647;
			files = (
			);
			runOnlyForDeploymentPostprocessing = 0;
		};
		F9A7C930BA9C0B95A7DD0584 /* Frameworks */ = {
			isa = PBXFrameworksBuildPhase;
			buildActionMask = 2147483647;
			files = (
			);
			runOnlyForDeploymentPostprocessing = 0;
		};
		F9A7CBC4BCCE6B827DD24DD0 /* Frameworks */ = {
			isa = PBXFrameworksBuildPhase;
			buildActionMask = 2147483647;
			files = (
			);
			runOnlyForDeploymentPostprocessing = 0;
		};
/* End PBXFrameworksBuildPhase section */

/* Begin PBXGroup section */
		9574747D25E6E65100917EF0 /* Core */ = {
			isa = PBXGroup;
			children = (
				9574747E25E6E6B900917EF0 /* Importation.swift */,
				9568616A25E80EB7004D31CA /* Types.swift */,
				9568616E25E80F03004D31CA /* Library.swift */,
				9568617225E80FB4004D31CA /* Configuration.swift */,
				F9A7C9DDE0631E7485095086 /* Utils.swift */,
			);
			path = Core;
			sourceTree = "<group>";
		};
		9574748425E6E6E600917EF0 /* StandardLibrary */ = {
			isa = PBXGroup;
			children = (
				9568616025E80682004D31CA /* FileSystem.swift */,
				9568616125E80682004D31CA /* Image.swift */,
				9568615E25E80682004D31CA /* PDF.swift */,
				9568616225E80682004D31CA /* StandardLibrary.swift */,
				9568615F25E80682004D31CA /* Text.swift */,
			);
			path = StandardLibrary;
			sourceTree = "<group>";
		};
		95B41D0225D4130200E5D275 /* Frameworks */ = {
			isa = PBXGroup;
			children = (
			);
			name = Frameworks;
			sourceTree = "<group>";
		};
		F9A7C098D53F7B6AEADF987A /* PicToShare */ = {
			isa = PBXGroup;
			children = (
				9574748425E6E6E600917EF0 /* StandardLibrary */,
				9574747D25E6E65100917EF0 /* Core */,
				F9A7CD6E555B357A08FDF95F /* Info.plist */,
				F9A7C896C9B4150F73FF2572 /* Assets.xcassets */,
				F9A7C7BF6A4D4AA3545A23EC /* PicToShare.entitlements */,
				F9A7CE38BF7BB6D1AE6E6A5C /* Preview Content */,
				9568614C25E7B821004D31CA /* main.swift */,
				9568615825E7EADC004D31CA /* AppDelegate.swift */,
			);
			path = PicToShare;
			sourceTree = "<group>";
		};
		F9A7C1C3219107C0EC536E37 /* Products */ = {
			isa = PBXGroup;
			children = (
				F9A7C15F6BD7440D60F6F856 /* PicToShare.app */,
				F9A7C0DA563670B4B2CAC7DF /* PicToShareTests.xctest */,
				F9A7CB18DD8D6263C3BE98F9 /* PicToShareUITests.xctest */,
			);
			name = Products;
			sourceTree = "<group>";
		};
		F9A7C787E2B36E4AB7AC425A = {
			isa = PBXGroup;
			children = (
				F9A7C1C3219107C0EC536E37 /* Products */,
				F9A7C098D53F7B6AEADF987A /* PicToShare */,
				F9A7CEE1FC3585270F0572FE /* PicToShareTests */,
				F9A7CE621A59A7945978E05E /* PicToShareUITests */,
				95B41D0225D4130200E5D275 /* Frameworks */,
			);
			sourceTree = "<group>";
		};
		F9A7CE38BF7BB6D1AE6E6A5C /* Preview Content */ = {
			isa = PBXGroup;
			children = (
				F9A7CA9D419C2ECDBE045390 /* Preview Assets.xcassets */,
			);
			path = "Preview Content";
			sourceTree = "<group>";
		};
		F9A7CE621A59A7945978E05E /* PicToShareUITests */ = {
			isa = PBXGroup;
			children = (
				F9A7C6A933547B1F6B8E5D36 /* Info.plist */,
				F9A7C97B08CE9661BFCE30CE /* PicToShareUITests.swift */,
			);
			path = PicToShareUITests;
			sourceTree = "<group>";
		};
		F9A7CEE1FC3585270F0572FE /* PicToShareTests */ = {
			isa = PBXGroup;
			children = (
				F9A7C43B01C57696130DA3EE /* Info.plist */,
				F9A7CDC85B623930B9EB52F7 /* CoreTests.swift */,
				B0E9B63825EFDF6F0054C504 /* PDFTests.swift */,
			);
			path = PicToShareTests;
			sourceTree = "<group>";
		};
/* End PBXGroup section */

/* Begin PBXNativeTarget section */
		F9A7C4280D16C169BF43008D /* PicToShareTests */ = {
			isa = PBXNativeTarget;
			buildConfigurationList = F9A7C56609DC0B1EAF2D1413 /* Build configuration list for PBXNativeTarget "PicToShareTests" */;
			buildPhases = (
				F9A7CDAF09DEC7F379541B8F /* Sources */,
				F9A7CBC4BCCE6B827DD24DD0 /* Frameworks */,
				F9A7CEA57784805D7909937B /* Resources */,
			);
			buildRules = (
			);
			dependencies = (
				F9A7C73FB226EB2CE3694F4E /* PBXTargetDependency */,
			);
			name = PicToShareTests;
			productName = PicToShareTests;
			productReference = F9A7C0DA563670B4B2CAC7DF /* PicToShareTests.xctest */;
			productType = "com.apple.product-type.bundle.unit-test";
		};
		F9A7C5FCA4B8190CB9A03E47 /* PicToShareUITests */ = {
			isa = PBXNativeTarget;
			buildConfigurationList = F9A7C60E150B417489F4056B /* Build configuration list for PBXNativeTarget "PicToShareUITests" */;
			buildPhases = (
				F9A7C5DA2BF86B5C9B17D540 /* Sources */,
				F9A7C44879A6EF29143E9721 /* Frameworks */,
				F9A7CD31E1BF146B5AD3D7B5 /* Resources */,
			);
			buildRules = (
			);
			dependencies = (
				F9A7CBE72937C880BBFD85B2 /* PBXTargetDependency */,
			);
			name = PicToShareUITests;
			productName = PicToShareUITests;
			productReference = F9A7CB18DD8D6263C3BE98F9 /* PicToShareUITests.xctest */;
			productType = "com.apple.product-type.bundle.ui-testing";
		};
		F9A7C8B0AC0AB5B07D21169B /* PicToShare */ = {
			isa = PBXNativeTarget;
			buildConfigurationList = F9A7C0EC5DB57D1290FABC3F /* Build configuration list for PBXNativeTarget "PicToShare" */;
			buildPhases = (
				F9A7C215A555F1F36A23ABC9 /* Sources */,
				F9A7C930BA9C0B95A7DD0584 /* Frameworks */,
				F9A7C4882BFB98CC178A839D /* Resources */,
				95B41D0725D4130200E5D275 /* Embed Frameworks */,
			);
			buildRules = (
			);
			dependencies = (
			);
			name = PicToShare;
			productName = PicToShare;
			productReference = F9A7C15F6BD7440D60F6F856 /* PicToShare.app */;
			productType = "com.apple.product-type.application";
		};
/* End PBXNativeTarget section */

/* Begin PBXProject section */
		F9A7C77B0CB8E0E09346DD0D /* Project object */ = {
			isa = PBXProject;
			attributes = {
				LastSwiftUpdateCheck = 1240;
				LastUpgradeCheck = 1240;
			};
			buildConfigurationList = F9A7C48C06A2DC43924414AB /* Build configuration list for PBXProject "PicToShare" */;
			compatibilityVersion = "Xcode 3.2";
			developmentRegion = English;
			hasScannedForEncodings = 0;
			knownRegions = (
				English,
				en,
				Base,
			);
			mainGroup = F9A7C787E2B36E4AB7AC425A;
			productRefGroup = F9A7C1C3219107C0EC536E37 /* Products */;
			projectDirPath = "";
			projectRoot = "";
			targets = (
				F9A7C8B0AC0AB5B07D21169B /* PicToShare */,
				F9A7C4280D16C169BF43008D /* PicToShareTests */,
				F9A7C5FCA4B8190CB9A03E47 /* PicToShareUITests */,
			);
		};
/* End PBXProject section */

/* Begin PBXResourcesBuildPhase section */
		F9A7C4882BFB98CC178A839D /* Resources */ = {
			isa = PBXResourcesBuildPhase;
			buildActionMask = 2147483647;
			files = (
				F9A7C972A6D38DB73DBC2167 /* Assets.xcassets in Resources */,
				F9A7C1394834D75DFE4FB520 /* Preview Assets.xcassets in Resources */,
			);
			runOnlyForDeploymentPostprocessing = 0;
		};
		F9A7CD31E1BF146B5AD3D7B5 /* Resources */ = {
			isa = PBXResourcesBuildPhase;
			buildActionMask = 2147483647;
			files = (
			);
			runOnlyForDeploymentPostprocessing = 0;
		};
		F9A7CEA57784805D7909937B /* Resources */ = {
			isa = PBXResourcesBuildPhase;
			buildActionMask = 2147483647;
			files = (
			);
			runOnlyForDeploymentPostprocessing = 0;
		};
/* End PBXResourcesBuildPhase section */

/* Begin PBXSourcesBuildPhase section */
		F9A7C215A555F1F36A23ABC9 /* Sources */ = {
			isa = PBXSourcesBuildPhase;
			buildActionMask = 2147483647;
			files = (
				9568616625E80682004D31CA /* Image.swift in Sources */,
				9568615925E7EADC004D31CA /* AppDelegate.swift in Sources */,
				9568616425E80682004D31CA /* Text.swift in Sources */,
				9568614D25E7B821004D31CA /* main.swift in Sources */,
				9568616325E80682004D31CA /* PDF.swift in Sources */,
				9568616525E80682004D31CA /* FileSystem.swift in Sources */,
				9568616B25E80EB7004D31CA /* Types.swift in Sources */,
				9568616F25E80F03004D31CA /* Library.swift in Sources */,
				9568616725E80682004D31CA /* StandardLibrary.swift in Sources */,
				9574747F25E6E6B900917EF0 /* Importation.swift in Sources */,
				9568617325E80FB4004D31CA /* Configuration.swift in Sources */,
				F9A7C4E9CF7551D5FE45D70E /* Utils.swift in Sources */,
			);
			runOnlyForDeploymentPostprocessing = 0;
		};
		F9A7C5DA2BF86B5C9B17D540 /* Sources */ = {
			isa = PBXSourcesBuildPhase;
			buildActionMask = 2147483647;
			files = (
				F9A7C35E0461C21638072806 /* PicToShareUITests.swift in Sources */,
			);
			runOnlyForDeploymentPostprocessing = 0;
		};
		F9A7CDAF09DEC7F379541B8F /* Sources */ = {
			isa = PBXSourcesBuildPhase;
			buildActionMask = 2147483647;
			files = (
				B0E9B63925EFDF6F0054C504 /* PDFTests.swift in Sources */,
				F9A7CEF947D2E12EC47CAF47 /* CoreTests.swift in Sources */,
			);
			runOnlyForDeploymentPostprocessing = 0;
		};
/* End PBXSourcesBuildPhase section */

/* Begin PBXTargetDependency section */
		F9A7C73FB226EB2CE3694F4E /* PBXTargetDependency */ = {
			isa = PBXTargetDependency;
			target = F9A7C8B0AC0AB5B07D21169B /* PicToShare */;
			targetProxy = F9A7CD7EE34B605298FD8792 /* PBXContainerItemProxy */;
		};
		F9A7CBE72937C880BBFD85B2 /* PBXTargetDependency */ = {
			isa = PBXTargetDependency;
			target = F9A7C8B0AC0AB5B07D21169B /* PicToShare */;
			targetProxy = F9A7CAAF92CE5581A153168C /* PBXContainerItemProxy */;
		};
/* End PBXTargetDependency section */

/* Begin XCBuildConfiguration section */
		F9A7C1B109ABA4D9A39525E6 /* Release */ = {
			isa = XCBuildConfiguration;
			buildSettings = {
				ASSETCATALOG_COMPILER_APPICON_NAME = AppIcon;
				ASSETCATALOG_COMPILER_GLOBAL_ACCENT_COLOR_NAME = AccentColor;
				CODE_SIGN_ENTITLEMENTS = PicToShare/PicToShare.entitlements;
				CODE_SIGN_IDENTITY = "-";
				COMBINE_HIDPI_IMAGES = YES;
				DEVELOPMENT_ASSET_PATHS = "\"PicToShare/Preview Content\"";
				ENABLE_PREVIEWS = YES;
				INFOPLIST_FILE = PicToShare/Info.plist;
				LD_RUNPATH_SEARCH_PATHS = "$(inherited) @executable_path/../Frameworks";
				MACOSX_DEPLOYMENT_TARGET = 10.15;
				PRODUCT_BUNDLE_IDENTIFIER = "fr.insa-rennes.PicToShare";
				PRODUCT_NAME = "$(TARGET_NAME)";
				SWIFT_VERSION = 5.0;
			};
			name = Release;
		};
		F9A7C4340FB877FFD06DE5FA /* Release */ = {
			isa = XCBuildConfiguration;
			buildSettings = {
				COMBINE_HIDPI_IMAGES = YES;
				INFOPLIST_FILE = PicToShareUITests/Info.plist;
				LD_RUNPATH_SEARCH_PATHS = "$(inherited) @executable_path/../Frameworks @loader_path/../Frameworks";
				PRODUCT_BUNDLE_IDENTIFIER = "fr.insa-rennes.PicToShareUITests";
				PRODUCT_NAME = "$(TARGET_NAME)";
				SWIFT_VERSION = 5.0;
				TEST_TARGET_NAME = PicToShare;
			};
			name = Release;
		};
		F9A7C7610DF5DBB3DC55D3D7 /* Debug */ = {
			isa = XCBuildConfiguration;
			buildSettings = {
				BUNDLE_LOADER = "$(BUILT_PRODUCTS_DIR)/PicToShare.app/Contents/MacOS/PicToShare";
				COMBINE_HIDPI_IMAGES = YES;
				INFOPLIST_FILE = PicToShareTests/Info.plist;
				LD_RUNPATH_SEARCH_PATHS = "$(inherited) @executable_path/../Frameworks @loader_path/../Frameworks";
				PRODUCT_BUNDLE_IDENTIFIER = "fr.insa-rennes.PicToShareTests";
				PRODUCT_NAME = "$(TARGET_NAME)";
				SWIFT_VERSION = 5.0;
				TEST_HOST = "$(BUNDLE_LOADER)";
			};
			name = Debug;
		};
		F9A7C7794135CA2763C03B68 /* Release */ = {
			isa = XCBuildConfiguration;
			buildSettings = {
				BUNDLE_LOADER = "$(BUILT_PRODUCTS_DIR)/PicToShare.app/Contents/MacOS/PicToShare";
				COMBINE_HIDPI_IMAGES = YES;
				INFOPLIST_FILE = PicToShareTests/Info.plist;
				LD_RUNPATH_SEARCH_PATHS = "$(inherited) @executable_path/../Frameworks @loader_path/../Frameworks";
				PRODUCT_BUNDLE_IDENTIFIER = "fr.insa-rennes.PicToShareTests";
				PRODUCT_NAME = "$(TARGET_NAME)";
				SWIFT_VERSION = 5.0;
				TEST_HOST = "$(BUNDLE_LOADER)";
			};
			name = Release;
		};
		F9A7C9C2B7F4AD22086AB65E /* Debug */ = {
			isa = XCBuildConfiguration;
			buildSettings = {
				ASSETCATALOG_COMPILER_APPICON_NAME = AppIcon;
				ASSETCATALOG_COMPILER_GLOBAL_ACCENT_COLOR_NAME = AccentColor;
				CODE_SIGN_ENTITLEMENTS = PicToShare/PicToShare.entitlements;
				CODE_SIGN_IDENTITY = "-";
				COMBINE_HIDPI_IMAGES = YES;
				DEVELOPMENT_ASSET_PATHS = "\"PicToShare/Preview Content\"";
				ENABLE_PREVIEWS = YES;
				INFOPLIST_FILE = PicToShare/Info.plist;
				LD_RUNPATH_SEARCH_PATHS = "$(inherited) @executable_path/../Frameworks";
				MACOSX_DEPLOYMENT_TARGET = 10.15;
				PRODUCT_BUNDLE_IDENTIFIER = "fr.insa-rennes.PicToShare";
				PRODUCT_NAME = "$(TARGET_NAME)";
				SWIFT_VERSION = 5.0;
			};
			name = Debug;
		};
		F9A7CC2CB22D03AFA4DEA641 /* Release */ = {
			isa = XCBuildConfiguration;
			buildSettings = {
				ALWAYS_SEARCH_USER_PATHS = NO;
				CLANG_ANALYZER_LOCALIZABILITY_NONLOCALIZED = YES;
				CLANG_ANALYZER_NONNULL = YES;
				CLANG_ANALYZER_NUMBER_OBJECT_CONVERSION = YES_AGGRESSIVE;
				CLANG_CXX_LANGUAGE_STANDARD = "gnu++14";
				CLANG_CXX_LIBRARY = "libc++";
				CLANG_ENABLE_MODULES = YES;
				CLANG_ENABLE_OBJC_ARC = YES;
				CLANG_ENABLE_OBJC_WEAK = YES;
				CLANG_WARN_BLOCK_CAPTURE_AUTORELEASING = YES;
				CLANG_WARN_BOOL_CONVERSION = YES;
				CLANG_WARN_COMMA = YES;
				CLANG_WARN_CONSTANT_CONVERSION = YES;
				CLANG_WARN_DEPRECATED_OBJC_IMPLEMENTATIONS = YES;
				CLANG_WARN_DIRECT_OBJC_ISA_USAGE = YES_ERROR;
				CLANG_WARN_DOCUMENTATION_COMMENTS = YES;
				CLANG_WARN_EMPTY_BODY = YES;
				CLANG_WARN_ENUM_CONVERSION = YES;
				CLANG_WARN_INFINITE_RECURSION = YES;
				CLANG_WARN_INT_CONVERSION = YES;
				CLANG_WARN_NON_LITERAL_NULL_CONVERSION = YES;
				CLANG_WARN_OBJC_IMPLICIT_RETAIN_SELF = YES;
				CLANG_WARN_OBJC_LITERAL_CONVERSION = YES;
				CLANG_WARN_OBJC_ROOT_CLASS = YES_ERROR;
				CLANG_WARN_QUOTED_INCLUDE_IN_FRAMEWORK_HEADER = YES;
				CLANG_WARN_RANGE_LOOP_ANALYSIS = YES;
				CLANG_WARN_STRICT_PROTOTYPES = YES;
				CLANG_WARN_SUSPICIOUS_MOVE = YES;
				CLANG_WARN_UNGUARDED_AVAILABILITY = YES_AGGRESSIVE;
				CLANG_WARN_UNREACHABLE_CODE = YES;
				CLANG_WARN__DUPLICATE_METHOD_MATCH = YES;
				COPY_PHASE_STRIP = NO;
				DEBUG_INFORMATION_FORMAT = "dwarf-with-dsym";
				ENABLE_NS_ASSERTIONS = NO;
				ENABLE_STRICT_OBJC_MSGSEND = YES;
				GCC_C_LANGUAGE_STANDARD = gnu11;
				GCC_NO_COMMON_BLOCKS = YES;
				GCC_WARN_64_TO_32_BIT_CONVERSION = YES;
				GCC_WARN_ABOUT_RETURN_TYPE = YES_ERROR;
				GCC_WARN_UNDECLARED_SELECTOR = YES;
				GCC_WARN_UNINITIALIZED_AUTOS = YES_AGGRESSIVE;
				GCC_WARN_UNUSED_FUNCTION = YES;
				GCC_WARN_UNUSED_VARIABLE = YES;
				MACOSX_DEPLOYMENT_TARGET = 10.15;
				MTL_ENABLE_DEBUG_INFO = NO;
				MTL_FAST_MATH = YES;
				SDKROOT = macosx;
				SWIFT_OPTIMIZATION_LEVEL = "-Owholemodule";
			};
			name = Release;
		};
		F9A7CDFB58FBFA48A29D1DD0 /* Debug */ = {
			isa = XCBuildConfiguration;
			buildSettings = {
				ALWAYS_SEARCH_USER_PATHS = NO;
				CLANG_ANALYZER_LOCALIZABILITY_NONLOCALIZED = YES;
				CLANG_ANALYZER_NONNULL = YES;
				CLANG_ANALYZER_NUMBER_OBJECT_CONVERSION = YES_AGGRESSIVE;
				CLANG_CXX_LANGUAGE_STANDARD = "gnu++14";
				CLANG_CXX_LIBRARY = "libc++";
				CLANG_ENABLE_MODULES = YES;
				CLANG_ENABLE_OBJC_ARC = YES;
				CLANG_ENABLE_OBJC_WEAK = YES;
				CLANG_WARN_BLOCK_CAPTURE_AUTORELEASING = YES;
				CLANG_WARN_BOOL_CONVERSION = YES;
				CLANG_WARN_COMMA = YES;
				CLANG_WARN_CONSTANT_CONVERSION = YES;
				CLANG_WARN_DEPRECATED_OBJC_IMPLEMENTATIONS = YES;
				CLANG_WARN_DIRECT_OBJC_ISA_USAGE = YES_ERROR;
				CLANG_WARN_DOCUMENTATION_COMMENTS = YES;
				CLANG_WARN_EMPTY_BODY = YES;
				CLANG_WARN_ENUM_CONVERSION = YES;
				CLANG_WARN_INFINITE_RECURSION = YES;
				CLANG_WARN_INT_CONVERSION = YES;
				CLANG_WARN_NON_LITERAL_NULL_CONVERSION = YES;
				CLANG_WARN_OBJC_IMPLICIT_RETAIN_SELF = YES;
				CLANG_WARN_OBJC_LITERAL_CONVERSION = YES;
				CLANG_WARN_OBJC_ROOT_CLASS = YES_ERROR;
				CLANG_WARN_QUOTED_INCLUDE_IN_FRAMEWORK_HEADER = YES;
				CLANG_WARN_RANGE_LOOP_ANALYSIS = YES;
				CLANG_WARN_STRICT_PROTOTYPES = YES;
				CLANG_WARN_SUSPICIOUS_MOVE = YES;
				CLANG_WARN_UNGUARDED_AVAILABILITY = YES_AGGRESSIVE;
				CLANG_WARN_UNREACHABLE_CODE = YES;
				CLANG_WARN__DUPLICATE_METHOD_MATCH = YES;
				COPY_PHASE_STRIP = NO;
				DEBUG_INFORMATION_FORMAT = dwarf;
				ENABLE_STRICT_OBJC_MSGSEND = YES;
				ENABLE_TESTABILITY = YES;
				GCC_C_LANGUAGE_STANDARD = gnu11;
				GCC_DYNAMIC_NO_PIC = NO;
				GCC_NO_COMMON_BLOCKS = YES;
				GCC_OPTIMIZATION_LEVEL = 0;
				GCC_PREPROCESSOR_DEFINITIONS = (
					"DEBUG=1",
					"$(inherited)",
				);
				GCC_WARN_64_TO_32_BIT_CONVERSION = YES;
				GCC_WARN_ABOUT_RETURN_TYPE = YES_ERROR;
				GCC_WARN_UNDECLARED_SELECTOR = YES;
				GCC_WARN_UNINITIALIZED_AUTOS = YES_AGGRESSIVE;
				GCC_WARN_UNUSED_FUNCTION = YES;
				GCC_WARN_UNUSED_VARIABLE = YES;
				MACOSX_DEPLOYMENT_TARGET = 10.15;
				MTL_ENABLE_DEBUG_INFO = INCLUDE_SOURCE;
				MTL_FAST_MATH = YES;
				ONLY_ACTIVE_ARCH = YES;
				SDKROOT = macosx;
				SWIFT_ACTIVE_COMPILATION_CONDITIONS = DEBUG;
				SWIFT_OPTIMIZATION_LEVEL = "-Onone";
			};
			name = Debug;
		};
		F9A7CFD4BDA7E196F6210EB1 /* Debug */ = {
			isa = XCBuildConfiguration;
			buildSettings = {
				COMBINE_HIDPI_IMAGES = YES;
				INFOPLIST_FILE = PicToShareUITests/Info.plist;
				LD_RUNPATH_SEARCH_PATHS = "$(inherited) @executable_path/../Frameworks @loader_path/../Frameworks";
				PRODUCT_BUNDLE_IDENTIFIER = "fr.insa-rennes.PicToShareUITests";
				PRODUCT_NAME = "$(TARGET_NAME)";
				SWIFT_VERSION = 5.0;
				TEST_TARGET_NAME = PicToShare;
			};
			name = Debug;
		};
/* End XCBuildConfiguration section */

/* Begin XCConfigurationList section */
		F9A7C0EC5DB57D1290FABC3F /* Build configuration list for PBXNativeTarget "PicToShare" */ = {
			isa = XCConfigurationList;
			buildConfigurations = (
				F9A7C9C2B7F4AD22086AB65E /* Debug */,
				F9A7C1B109ABA4D9A39525E6 /* Release */,
			);
			defaultConfigurationIsVisible = 0;
			defaultConfigurationName = Release;
		};
		F9A7C48C06A2DC43924414AB /* Build configuration list for PBXProject "PicToShare" */ = {
			isa = XCConfigurationList;
			buildConfigurations = (
				F9A7CDFB58FBFA48A29D1DD0 /* Debug */,
				F9A7CC2CB22D03AFA4DEA641 /* Release */,
			);
			defaultConfigurationIsVisible = 0;
			defaultConfigurationName = Release;
		};
		F9A7C56609DC0B1EAF2D1413 /* Build configuration list for PBXNativeTarget "PicToShareTests" */ = {
			isa = XCConfigurationList;
			buildConfigurations = (
				F9A7C7610DF5DBB3DC55D3D7 /* Debug */,
				F9A7C7794135CA2763C03B68 /* Release */,
			);
			defaultConfigurationIsVisible = 0;
			defaultConfigurationName = Release;
		};
		F9A7C60E150B417489F4056B /* Build configuration list for PBXNativeTarget "PicToShareUITests" */ = {
			isa = XCConfigurationList;
			buildConfigurations = (
				F9A7CFD4BDA7E196F6210EB1 /* Debug */,
				F9A7C4340FB877FFD06DE5FA /* Release */,
			);
			defaultConfigurationIsVisible = 0;
			defaultConfigurationName = Release;
		};
/* End XCConfigurationList section */
	};
	rootObject = F9A7C77B0CB8E0E09346DD0D /* Project object */;
}
